
Microsoft Visual Studio Solution File, Format Version 12.00
# Visual Studio 15
Project("{FAE04EC0-301F-11D3-BF4B-00C04F79EFBC}") = "com.studio23.ss2.audiosystem.fmod", "com.studio23.ss2.audiosystem.fmod.csproj", "{29E3061A-D7FB-FA94-0A9A-65364BE7EDB7}"
EndProject
Project("{FAE04EC0-301F-11D3-BF4B-00C04F79EFBC}") = "FMODUnity", "FMODUnity.csproj", "{39CD50C2-9998-A40D-7863-D9C181DB91FE}"
EndProject
Project("{FAE04EC0-301F-11D3-BF4B-00C04F79EFBC}") = "com.studio23.ss2.audiosystem.fmod.editor", "com.studio23.ss2.audiosystem.fmod.editor.csproj", "{C03B05CB-0AA1-9BA5-18C9-42C5F9639110}"
EndProject
Project("{FAE04EC0-301F-11D3-BF4B-00C04F79EFBC}") = "FMODUnityEditor", "FMODUnityEditor.csproj", "{5D4FFD47-712C-EE81-A914-09D7B7574016}"
EndProject
Project("{FAE04EC0-301F-11D3-BF4B-00C04F79EFBC}") = "com.studio23.ss2.audiosystem.fmod.playmode.tests", "com.studio23.ss2.audiosystem.fmod.playmode.tests.csproj", "{F729898D-DA29-A503-C715-4606FB51E855}"
EndProject
Project("{FAE04EC0-301F-11D3-BF4B-00C04F79EFBC}") = "Assembly-CSharp", "Assembly-CSharp.csproj", "{D9F2D754-52A1-5F65-C4A2-EF137F02B91B}"
EndProject
Project("{FAE04EC0-301F-11D3-BF4B-00C04F79EFBC}") = "FMODUnityResonanceEditor", "FMODUnityResonanceEditor.csproj", "{8E09DB91-7A8E-EA84-DFDF-E089071F15AE}"
EndProject
Project("{FAE04EC0-301F-11D3-BF4B-00C04F79EFBC}") = "FMODUnityResonance", "FMODUnityResonance.csproj", "{13CE93E1-FB4F-0A61-2E62-C83144FADF31}"
EndProject
Global
	GlobalSection(SolutionConfigurationPlatforms) = preSolution
		Debug|Any CPU = Debug|Any CPU
		Release|Any CPU = Release|Any CPU
	EndGlobalSection
	GlobalSection(ProjectConfigurationPlatforms) = postSolution
		{29E3061A-D7FB-FA94-0A9A-65364BE7EDB7}.Debug|Any CPU.ActiveCfg = Debug|Any CPU
		{29E3061A-D7FB-FA94-0A9A-65364BE7EDB7}.Debug|Any CPU.Build.0 = Debug|Any CPU
		{29E3061A-D7FB-FA94-0A9A-65364BE7EDB7}.Release|Any CPU.ActiveCfg = Release|Any CPU
		{29E3061A-D7FB-FA94-0A9A-65364BE7EDB7}.Release|Any CPU.Build.0 = Release|Any CPU
		{39CD50C2-9998-A40D-7863-D9C181DB91FE}.Debug|Any CPU.ActiveCfg = Debug|Any CPU
		{39CD50C2-9998-A40D-7863-D9C181DB91FE}.Debug|Any CPU.Build.0 = Debug|Any CPU
		{39CD50C2-9998-A40D-7863-D9C181DB91FE}.Release|Any CPU.ActiveCfg = Release|Any CPU
		{39CD50C2-9998-A40D-7863-D9C181DB91FE}.Release|Any CPU.Build.0 = Release|Any CPU
		{C03B05CB-0AA1-9BA5-18C9-42C5F9639110}.Debug|Any CPU.ActiveCfg = Debug|Any CPU
		{C03B05CB-0AA1-9BA5-18C9-42C5F9639110}.Debug|Any CPU.Build.0 = Debug|Any CPU
		{C03B05CB-0AA1-9BA5-18C9-42C5F9639110}.Release|Any CPU.ActiveCfg = Release|Any CPU
		{C03B05CB-0AA1-9BA5-18C9-42C5F9639110}.Release|Any CPU.Build.0 = Release|Any CPU
		{5D4FFD47-712C-EE81-A914-09D7B7574016}.Debug|Any CPU.ActiveCfg = Debug|Any CPU
		{5D4FFD47-712C-EE81-A914-09D7B7574016}.Debug|Any CPU.Build.0 = Debug|Any CPU
		{5D4FFD47-712C-EE81-A914-09D7B7574016}.Release|Any CPU.ActiveCfg = Release|Any CPU
		{5D4FFD47-712C-EE81-A914-09D7B7574016}.Release|Any CPU.Build.0 = Release|Any CPU
		{F729898D-DA29-A503-C715-4606FB51E855}.Debug|Any CPU.ActiveCfg = Debug|Any CPU
		{F729898D-DA29-A503-C715-4606FB51E855}.Debug|Any CPU.Build.0 = Debug|Any CPU
		{F729898D-DA29-A503-C715-4606FB51E855}.Release|Any CPU.ActiveCfg = Release|Any CPU
		{F729898D-DA29-A503-C715-4606FB51E855}.Release|Any CPU.Build.0 = Release|Any CPU
		{D9F2D754-52A1-5F65-C4A2-EF137F02B91B}.Debug|Any CPU.ActiveCfg = Debug|Any CPU
		{D9F2D754-52A1-5F65-C4A2-EF137F02B91B}.Debug|Any CPU.Build.0 = Debug|Any CPU
		{D9F2D754-52A1-5F65-C4A2-EF137F02B91B}.Release|Any CPU.ActiveCfg = Release|Any CPU
		{D9F2D754-52A1-5F65-C4A2-EF137F02B91B}.Release|Any CPU.Build.0 = Release|Any CPU
		{8E09DB91-7A8E-EA84-DFDF-E089071F15AE}.Debug|Any CPU.ActiveCfg = Debug|Any CPU
		{8E09DB91-7A8E-EA84-DFDF-E089071F15AE}.Debug|Any CPU.Build.0 = Debug|Any CPU
		{8E09DB91-7A8E-EA84-DFDF-E089071F15AE}.Release|Any CPU.ActiveCfg = Release|Any CPU
		{8E09DB91-7A8E-EA84-DFDF-E089071F15AE}.Release|Any CPU.Build.0 = Release|Any CPU
		{13CE93E1-FB4F-0A61-2E62-C83144FADF31}.Debug|Any CPU.ActiveCfg = Debug|Any CPU
		{13CE93E1-FB4F-0A61-2E62-C83144FADF31}.Debug|Any CPU.Build.0 = Debug|Any CPU
		{13CE93E1-FB4F-0A61-2E62-C83144FADF31}.Release|Any CPU.ActiveCfg = Release|Any CPU
		{13CE93E1-FB4F-0A61-2E62-C83144FADF31}.Release|Any CPU.Build.0 = Release|Any CPU
	EndGlobalSection
	GlobalSection(SolutionProperties) = preSolution
		HideSolutionNode = FALSE
	EndGlobalSection
EndGlobal
